// !$*UTF8*$!
{
	archiveVersion = 1;
	classes = {
	};
	objectVersion = 55;
	objects = {

/* Begin PBXBuildFile section */
		130A3236275270BE0077814C /* MemoryGame.swift in Sources */ = {isa = PBXBuildFile; fileRef = 130A3235275270BE0077814C /* MemoryGame.swift */; };
		130A3238275272FD0077814C /* EmojiMemoryGame.swift in Sources */ = {isa = PBXBuildFile; fileRef = 130A3237275272FD0077814C /* EmojiMemoryGame.swift */; };
		134FEC0C2747E512009F68B9 /* Tests_iOS.swift in Sources */ = {isa = PBXBuildFile; fileRef = 134FEC0B2747E512009F68B9 /* Tests_iOS.swift */; };
		134FEC0E2747E512009F68B9 /* Tests_iOSLaunchTests.swift in Sources */ = {isa = PBXBuildFile; fileRef = 134FEC0D2747E512009F68B9 /* Tests_iOSLaunchTests.swift */; };
		134FEC182747E512009F68B9 /* Tests_macOS.swift in Sources */ = {isa = PBXBuildFile; fileRef = 134FEC172747E512009F68B9 /* Tests_macOS.swift */; };
		134FEC1A2747E512009F68B9 /* Tests_macOSLaunchTests.swift in Sources */ = {isa = PBXBuildFile; fileRef = 134FEC192747E512009F68B9 /* Tests_macOSLaunchTests.swift */; };
		134FEC1B2747E512009F68B9 /* learn1App.swift in Sources */ = {isa = PBXBuildFile; fileRef = 134FEBF32747E511009F68B9 /* learn1App.swift */; };
		134FEC1C2747E512009F68B9 /* learn1App.swift in Sources */ = {isa = PBXBuildFile; fileRef = 134FEBF32747E511009F68B9 /* learn1App.swift */; };
		134FEC1D2747E512009F68B9 /* ContentView.swift in Sources */ = {isa = PBXBuildFile; fileRef = 134FEBF42747E511009F68B9 /* ContentView.swift */; };
		134FEC1E2747E512009F68B9 /* ContentView.swift in Sources */ = {isa = PBXBuildFile; fileRef = 134FEBF42747E511009F68B9 /* ContentView.swift */; };
		134FEC1F2747E512009F68B9 /* Assets.xcassets in Resources */ = {isa = PBXBuildFile; fileRef = 134FEBF52747E512009F68B9 /* Assets.xcassets */; };
		134FEC202747E512009F68B9 /* Assets.xcassets in Resources */ = {isa = PBXBuildFile; fileRef = 134FEBF52747E512009F68B9 /* Assets.xcassets */; };
/* End PBXBuildFile section */

/* Begin PBXContainerItemProxy section */
		134FEC082747E512009F68B9 /* PBXContainerItemProxy */ = {
			isa = PBXContainerItemProxy;
			containerPortal = 134FEBEE2747E511009F68B9 /* Project object */;
			proxyType = 1;
			remoteGlobalIDString = 134FEBF92747E512009F68B9;
			remoteInfo = "learn1 (iOS)";
		};
		134FEC142747E512009F68B9 /* PBXContainerItemProxy */ = {
			isa = PBXContainerItemProxy;
			containerPortal = 134FEBEE2747E511009F68B9 /* Project object */;
			proxyType = 1;
			remoteGlobalIDString = 134FEBFF2747E512009F68B9;
			remoteInfo = "learn1 (macOS)";
		};
/* End PBXContainerItemProxy section */

/* Begin PBXFileReference section */
		130A3235275270BE0077814C /* MemoryGame.swift */ = {isa = PBXFileReference; lastKnownFileType = sourcecode.swift; path = MemoryGame.swift; sourceTree = SOURCE_ROOT; };
		130A3237275272FD0077814C /* EmojiMemoryGame.swift */ = {isa = PBXFileReference; lastKnownFileType = sourcecode.swift; name = EmojiMemoryGame.swift; path = "../../Projects/01 - Bands/Bands/Shared/EmojiMemoryGame.swift"; sourceTree = "<group>"; };
		134FEBF32747E511009F68B9 /* learn1App.swift */ = {isa = PBXFileReference; lastKnownFileType = sourcecode.swift; path = learn1App.swift; sourceTree = "<group>"; };
		134FEBF42747E511009F68B9 /* ContentView.swift */ = {isa = PBXFileReference; lastKnownFileType = sourcecode.swift; path = ContentView.swift; sourceTree = "<group>"; };
		134FEBF52747E512009F68B9 /* Assets.xcassets */ = {isa = PBXFileReference; lastKnownFileType = folder.assetcatalog; path = Assets.xcassets; sourceTree = "<group>"; };
		134FEBFA2747E512009F68B9 /* learn1.app */ = {isa = PBXFileReference; explicitFileType = wrapper.application; includeInIndex = 0; path = learn1.app; sourceTree = BUILT_PRODUCTS_DIR; };
		134FEC002747E512009F68B9 /* learn1.app */ = {isa = PBXFileReference; explicitFileType = wrapper.application; includeInIndex = 0; path = learn1.app; sourceTree = BUILT_PRODUCTS_DIR; };
		134FEC022747E512009F68B9 /* macOS.entitlements */ = {isa = PBXFileReference; lastKnownFileType = text.plist.entitlements; path = macOS.entitlements; sourceTree = "<group>"; };
		134FEC072747E512009F68B9 /* Tests iOS.xctest */ = {isa = PBXFileReference; explicitFileType = wrapper.cfbundle; includeInIndex = 0; path = "Tests iOS.xctest"; sourceTree = BUILT_PRODUCTS_DIR; };
		134FEC0B2747E512009F68B9 /* Tests_iOS.swift */ = {isa = PBXFileReference; lastKnownFileType = sourcecode.swift; path = Tests_iOS.swift; sourceTree = "<group>"; };
		134FEC0D2747E512009F68B9 /* Tests_iOSLaunchTests.swift */ = {isa = PBXFileReference; lastKnownFileType = sourcecode.swift; path = Tests_iOSLaunchTests.swift; sourceTree = "<group>"; };
		134FEC132747E512009F68B9 /* Tests macOS.xctest */ = {isa = PBXFileReference; explicitFileType = wrapper.cfbundle; includeInIndex = 0; path = "Tests macOS.xctest"; sourceTree = BUILT_PRODUCTS_DIR; };
		134FEC172747E512009F68B9 /* Tests_macOS.swift */ = {isa = PBXFileReference; lastKnownFileType = sourcecode.swift; path = Tests_macOS.swift; sourceTree = "<group>"; };
		134FEC192747E512009F68B9 /* Tests_macOSLaunchTests.swift */ = {isa = PBXFileReference; lastKnownFileType = sourcecode.swift; path = Tests_macOSLaunchTests.swift; sourceTree = "<group>"; };
		13EC6ABC275795510060A722 /* EmojiMemoryGameNOTES.md */ = {isa = PBXFileReference; lastKnownFileType = net.daringfireball.markdown; path = EmojiMemoryGameNOTES.md; sourceTree = "<group>"; };
/* End PBXFileReference section */

/* Begin PBXFrameworksBuildPhase section */
		134FEBF72747E512009F68B9 /* Frameworks */ = {
			isa = PBXFrameworksBuildPhase;
			buildActionMask = 2147483647;
			files = (
			);
			runOnlyForDeploymentPostprocessing = 0;
		};
		134FEBFD2747E512009F68B9 /* Frameworks */ = {
			isa = PBXFrameworksBuildPhase;
			buildActionMask = 2147483647;
			files = (
			);
			runOnlyForDeploymentPostprocessing = 0;
		};
		134FEC042747E512009F68B9 /* Frameworks */ = {
			isa = PBXFrameworksBuildPhase;
			buildActionMask = 2147483647;
			files = (
			);
			runOnlyForDeploymentPostprocessing = 0;
		};
		134FEC102747E512009F68B9 /* Frameworks */ = {
			isa = PBXFrameworksBuildPhase;
			buildActionMask = 2147483647;
			files = (
			);
			runOnlyForDeploymentPostprocessing = 0;
		};
/* End PBXFrameworksBuildPhase section */

/* Begin PBXGroup section */
		134FEBED2747E511009F68B9 = {
			isa = PBXGroup;
			children = (
				13EC6ABC275795510060A722 /* EmojiMemoryGameNOTES.md */,
				134FEBF22747E511009F68B9 /* Shared */,
				134FEC012747E512009F68B9 /* macOS */,
				134FEC0A2747E512009F68B9 /* Tests iOS */,
				134FEC162747E512009F68B9 /* Tests macOS */,
				134FEBFB2747E512009F68B9 /* Products */,
			);
			sourceTree = "<group>";
		};
		134FEBF22747E511009F68B9 /* Shared */ = {
			isa = PBXGroup;
			children = (
				130A3235275270BE0077814C /* MemoryGame.swift */,
				130A3237275272FD0077814C /* EmojiMemoryGame.swift */,
				134FEBF32747E511009F68B9 /* learn1App.swift */,
				134FEBF42747E511009F68B9 /* ContentView.swift */,
				134FEBF52747E512009F68B9 /* Assets.xcassets */,
			);
			path = Shared;
			sourceTree = "<group>";
		};
		134FEBFB2747E512009F68B9 /* Products */ = {
			isa = PBXGroup;
			children = (
				134FEBFA2747E512009F68B9 /* learn1.app */,
				134FEC002747E512009F68B9 /* learn1.app */,
				134FEC072747E512009F68B9 /* Tests iOS.xctest */,
				134FEC132747E512009F68B9 /* Tests macOS.xctest */,
			);
			name = Products;
			sourceTree = "<group>";
		};
		134FEC012747E512009F68B9 /* macOS */ = {
			isa = PBXGroup;
			children = (
				134FEC022747E512009F68B9 /* macOS.entitlements */,
			);
			path = macOS;
			sourceTree = "<group>";
		};
		134FEC0A2747E512009F68B9 /* Tests iOS */ = {
			isa = PBXGroup;
			children = (
				134FEC0B2747E512009F68B9 /* Tests_iOS.swift */,
				134FEC0D2747E512009F68B9 /* Tests_iOSLaunchTests.swift */,
			);
			path = "Tests iOS";
			sourceTree = "<group>";
		};
		134FEC162747E512009F68B9 /* Tests macOS */ = {
			isa = PBXGroup;
			children = (
				134FEC172747E512009F68B9 /* Tests_macOS.swift */,
				134FEC192747E512009F68B9 /* Tests_macOSLaunchTests.swift */,
			);
			path = "Tests macOS";
			sourceTree = "<group>";
		};
/* End PBXGroup section */

/* Begin PBXNativeTarget section */
		134FEBF92747E512009F68B9 /* learn1 (iOS) */ = {
			isa = PBXNativeTarget;
			buildConfigurationList = 134FEC232747E512009F68B9 /* Build configuration list for PBXNativeTarget "learn1 (iOS)" */;
			buildPhases = (
				134FEBF62747E512009F68B9 /* Sources */,
				134FEBF72747E512009F68B9 /* Frameworks */,
				134FEBF82747E512009F68B9 /* Resources */,
			);
			buildRules = (
			);
			dependencies = (
			);
			name = "learn1 (iOS)";
			productName = "learn1 (iOS)";
			productReference = 134FEBFA2747E512009F68B9 /* learn1.app */;
			productType = "com.apple.product-type.application";
		};
		134FEBFF2747E512009F68B9 /* learn1 (macOS) */ = {
			isa = PBXNativeTarget;
			buildConfigurationList = 134FEC262747E512009F68B9 /* Build configuration list for PBXNativeTarget "learn1 (macOS)" */;
			buildPhases = (
				134FEBFC2747E512009F68B9 /* Sources */,
				134FEBFD2747E512009F68B9 /* Frameworks */,
				134FEBFE2747E512009F68B9 /* Resources */,
			);
			buildRules = (
			);
			dependencies = (
			);
			name = "learn1 (macOS)";
			productName = "learn1 (macOS)";
			productReference = 134FEC002747E512009F68B9 /* learn1.app */;
			productType = "com.apple.product-type.application";
		};
		134FEC062747E512009F68B9 /* Tests iOS */ = {
			isa = PBXNativeTarget;
			buildConfigurationList = 134FEC292747E512009F68B9 /* Build configuration list for PBXNativeTarget "Tests iOS" */;
			buildPhases = (
				134FEC032747E512009F68B9 /* Sources */,
				134FEC042747E512009F68B9 /* Frameworks */,
				134FEC052747E512009F68B9 /* Resources */,
			);
			buildRules = (
			);
			dependencies = (
				134FEC092747E512009F68B9 /* PBXTargetDependency */,
			);
			name = "Tests iOS";
			productName = "Tests iOS";
			productReference = 134FEC072747E512009F68B9 /* Tests iOS.xctest */;
			productType = "com.apple.product-type.bundle.ui-testing";
		};
		134FEC122747E512009F68B9 /* Tests macOS */ = {
			isa = PBXNativeTarget;
			buildConfigurationList = 134FEC2C2747E512009F68B9 /* Build configuration list for PBXNativeTarget "Tests macOS" */;
			buildPhases = (
				134FEC0F2747E512009F68B9 /* Sources */,
				134FEC102747E512009F68B9 /* Frameworks */,
				134FEC112747E512009F68B9 /* Resources */,
			);
			buildRules = (
			);
			dependencies = (
				134FEC152747E512009F68B9 /* PBXTargetDependency */,
			);
			name = "Tests macOS";
			productName = "Tests macOS";
			productReference = 134FEC132747E512009F68B9 /* Tests macOS.xctest */;
			productType = "com.apple.product-type.bundle.ui-testing";
		};
/* End PBXNativeTarget section */

/* Begin PBXProject section */
		134FEBEE2747E511009F68B9 /* Project object */ = {
			isa = PBXProject;
			attributes = {
				BuildIndependentTargetsInParallel = 1;
				LastSwiftUpdateCheck = 1310;
				LastUpgradeCheck = 1310;
				TargetAttributes = {
					134FEBF92747E512009F68B9 = {
						CreatedOnToolsVersion = 13.1;
					};
					134FEBFF2747E512009F68B9 = {
						CreatedOnToolsVersion = 13.1;
					};
					134FEC062747E512009F68B9 = {
						CreatedOnToolsVersion = 13.1;
						TestTargetID = 134FEBF92747E512009F68B9;
					};
					134FEC122747E512009F68B9 = {
						CreatedOnToolsVersion = 13.1;
						TestTargetID = 134FEBFF2747E512009F68B9;
					};
				};
			};
			buildConfigurationList = 134FEBF12747E511009F68B9 /* Build configuration list for PBXProject "learn1" */;
			compatibilityVersion = "Xcode 13.0";
			developmentRegion = en;
			hasScannedForEncodings = 0;
			knownRegions = (
				en,
				Base,
			);
			mainGroup = 134FEBED2747E511009F68B9;
			productRefGroup = 134FEBFB2747E512009F68B9 /* Products */;
			projectDirPath = "";
			projectRoot = "";
			targets = (
				134FEBF92747E512009F68B9 /* learn1 (iOS) */,
				134FEBFF2747E512009F68B9 /* learn1 (macOS) */,
				134FEC062747E512009F68B9 /* Tests iOS */,
				134FEC122747E512009F68B9 /* Tests macOS */,
			);
		};
/* End PBXProject section */

/* Begin PBXResourcesBuildPhase section */
		134FEBF82747E512009F68B9 /* Resources */ = {
			isa = PBXResourcesBuildPhase;
			buildActionMask = 2147483647;
			files = (
				134FEC1F2747E512009F68B9 /* Assets.xcassets in Resources */,
			);
			runOnlyForDeploymentPostprocessing = 0;
		};
		134FEBFE2747E512009F68B9 /* Resources */ = {
			isa = PBXResourcesBuildPhase;
			buildActionMask = 2147483647;
			files = (
				134FEC202747E512009F68B9 /* Assets.xcassets in Resources */,
			);
			runOnlyForDeploymentPostprocessing = 0;
		};
		134FEC052747E512009F68B9 /* Resources */ = {
			isa = PBXResourcesBuildPhase;
			buildActionMask = 2147483647;
			files = (
			);
			runOnlyForDeploymentPostprocessing = 0;
		};
		134FEC112747E512009F68B9 /* Resources */ = {
			isa = PBXResourcesBuildPhase;
			buildActionMask = 2147483647;
			files = (
			);
			runOnlyForDeploymentPostprocessing = 0;
		};
/* End PBXResourcesBuildPhase section */

/* Begin PBXSourcesBuildPhase section */
		134FEBF62747E512009F68B9 /* Sources */ = {
			isa = PBXSourcesBuildPhase;
			buildActionMask = 2147483647;
			files = (
				130A3236275270BE0077814C /* MemoryGame.swift in Sources */,
				134FEC1D2747E512009F68B9 /* ContentView.swift in Sources */,
				134FEC1B2747E512009F68B9 /* learn1App.swift in Sources */,
				130A3238275272FD0077814C /* EmojiMemoryGame.swift in Sources */,
			);
			runOnlyForDeploymentPostprocessing = 0;
		};
		134FEBFC2747E512009F68B9 /* Sources */ = {
			isa = PBXSourcesBuildPhase;
			buildActionMask = 2147483647;
			files = (
				134FEC1E2747E512009F68B9 /* ContentView.swift in Sources */,
				134FEC1C2747E512009F68B9 /* learn1App.swift in Sources */,
			);
			runOnlyForDeploymentPostprocessing = 0;
		};
		134FEC032747E512009F68B9 /* Sources */ = {
			isa = PBXSourcesBuildPhase;
			buildActionMask = 2147483647;
			files = (
				134FEC0E2747E512009F68B9 /* Tests_iOSLaunchTests.swift in Sources */,
				134FEC0C2747E512009F68B9 /* Tests_iOS.swift in Sources */,
			);
			runOnlyForDeploymentPostprocessing = 0;
		};
		134FEC0F2747E512009F68B9 /* Sources */ = {
			isa = PBXSourcesBuildPhase;
			buildActionMask = 2147483647;
			files = (
				134FEC1A2747E512009F68B9 /* Tests_macOSLaunchTests.swift in Sources */,
				134FEC182747E512009F68B9 /* Tests_macOS.swift in Sources */,
			);
			runOnlyForDeploymentPostprocessing = 0;
		};
/* End PBXSourcesBuildPhase section */

/* Begin PBXTargetDependency section */
		134FEC092747E512009F68B9 /* PBXTargetDependency */ = {
			isa = PBXTargetDependency;
			target = 134FEBF92747E512009F68B9 /* learn1 (iOS) */;
			targetProxy = 134FEC082747E512009F68B9 /* PBXContainerItemProxy */;
		};
		134FEC152747E512009F68B9 /* PBXTargetDependency */ = {
			isa = PBXTargetDependency;
			target = 134FEBFF2747E512009F68B9 /* learn1 (macOS) */;
			targetProxy = 134FEC142747E512009F68B9 /* PBXContainerItemProxy */;
		};
/* End PBXTargetDependency section */

/* Begin XCBuildConfiguration section */
		134FEC212747E512009F68B9 /* Debug */ = {
			isa = XCBuildConfiguration;
			buildSettings = {
				ALWAYS_SEARCH_USER_PATHS = NO;
				CLANG_ANALYZER_NONNULL = YES;
				CLANG_ANALYZER_NUMBER_OBJECT_CONVERSION = YES_AGGRESSIVE;
				CLANG_CXX_LANGUAGE_STANDARD = "gnu++17";
				CLANG_CXX_LIBRARY = "libc++";
				CLANG_ENABLE_MODULES = YES;
				CLANG_ENABLE_OBJC_ARC = YES;
				CLANG_ENABLE_OBJC_WEAK = YES;
				CLANG_WARN_BLOCK_CAPTURE_AUTORELEASING = YES;
				CLANG_WARN_BOOL_CONVERSION = YES;
				CLANG_WARN_COMMA = YES;
				CLANG_WARN_CONSTANT_CONVERSION = YES;
				CLANG_WARN_DEPRECATED_OBJC_IMPLEMENTATIONS = YES;
				CLANG_WARN_DIRECT_OBJC_ISA_USAGE = YES_ERROR;
				CLANG_WARN_DOCUMENTATION_COMMENTS = YES;
				CLANG_WARN_EMPTY_BODY = YES;
				CLANG_WARN_ENUM_CONVERSION = YES;
				CLANG_WARN_INFINITE_RECURSION = YES;
				CLANG_WARN_INT_CONVERSION = YES;
				CLANG_WARN_NON_LITERAL_NULL_CONVERSION = YES;
				CLANG_WARN_OBJC_IMPLICIT_RETAIN_SELF = YES;
				CLANG_WARN_OBJC_LITERAL_CONVERSION = YES;
				CLANG_WARN_OBJC_ROOT_CLASS = YES_ERROR;
				CLANG_WARN_QUOTED_INCLUDE_IN_FRAMEWORK_HEADER = YES;
				CLANG_WARN_RANGE_LOOP_ANALYSIS = YES;
				CLANG_WARN_STRICT_PROTOTYPES = YES;
				CLANG_WARN_SUSPICIOUS_MOVE = YES;
				CLANG_WARN_UNGUARDED_AVAILABILITY = YES_AGGRESSIVE;
				CLANG_WARN_UNREACHABLE_CODE = YES;
				CLANG_WARN__DUPLICATE_METHOD_MATCH = YES;
				COPY_PHASE_STRIP = NO;
				DEBUG_INFORMATION_FORMAT = dwarf;
				ENABLE_STRICT_OBJC_MSGSEND = YES;
				ENABLE_TESTABILITY = YES;
				GCC_C_LANGUAGE_STANDARD = gnu11;
				GCC_DYNAMIC_NO_PIC = NO;
				GCC_NO_COMMON_BLOCKS = YES;
				GCC_OPTIMIZATION_LEVEL = 0;
				GCC_PREPROCESSOR_DEFINITIONS = (
					"DEBUG=1",
					"$(inherited)",
				);
				GCC_WARN_64_TO_32_BIT_CONVERSION = YES;
				GCC_WARN_ABOUT_RETURN_TYPE = YES_ERROR;
				GCC_WARN_UNDECLARED_SELECTOR = YES;
				GCC_WARN_UNINITIALIZED_AUTOS = YES_AGGRESSIVE;
				GCC_WARN_UNUSED_FUNCTION = YES;
				GCC_WARN_UNUSED_VARIABLE = YES;
				MTL_ENABLE_DEBUG_INFO = INCLUDE_SOURCE;
				MTL_FAST_MATH = YES;
				ONLY_ACTIVE_ARCH = YES;
				SWIFT_ACTIVE_COMPILATION_CONDITIONS = DEBUG;
				SWIFT_OPTIMIZATION_LEVEL = "-Onone";
			};
			name = Debug;
		};
		134FEC222747E512009F68B9 /* Release */ = {
			isa = XCBuildConfiguration;
			buildSettings = {
				ALWAYS_SEARCH_USER_PATHS = NO;
				CLANG_ANALYZER_NONNULL = YES;
				CLANG_ANALYZER_NUMBER_OBJECT_CONVERSION = YES_AGGRESSIVE;
				CLANG_CXX_LANGUAGE_STANDARD = "gnu++17";
				CLANG_CXX_LIBRARY = "libc++";
				CLANG_ENABLE_MODULES = YES;
				CLANG_ENABLE_OBJC_ARC = YES;
				CLANG_ENABLE_OBJC_WEAK = YES;
				CLANG_WARN_BLOCK_CAPTURE_AUTORELEASING = YES;
				CLANG_WARN_BOOL_CONVERSION = YES;
				CLANG_WARN_COMMA = YES;
				CLANG_WARN_CONSTANT_CONVERSION = YES;
				CLANG_WARN_DEPRECATED_OBJC_IMPLEMENTATIONS = YES;
				CLANG_WARN_DIRECT_OBJC_ISA_USAGE = YES_ERROR;
				CLANG_WARN_DOCUMENTATION_COMMENTS = YES;
				CLANG_WARN_EMPTY_BODY = YES;
				CLANG_WARN_ENUM_CONVERSION = YES;
				CLANG_WARN_INFINITE_RECURSION = YES;
				CLANG_WARN_INT_CONVERSION = YES;
				CLANG_WARN_NON_LITERAL_NULL_CONVERSION = YES;
				CLANG_WARN_OBJC_IMPLICIT_RETAIN_SELF = YES;
				CLANG_WARN_OBJC_LITERAL_CONVERSION = YES;
				CLANG_WARN_OBJC_ROOT_CLASS = YES_ERROR;
				CLANG_WARN_QUOTED_INCLUDE_IN_FRAMEWORK_HEADER = YES;
				CLANG_WARN_RANGE_LOOP_ANALYSIS = YES;
				CLANG_WARN_STRICT_PROTOTYPES = YES;
				CLANG_WARN_SUSPICIOUS_MOVE = YES;
				CLANG_WARN_UNGUARDED_AVAILABILITY = YES_AGGRESSIVE;
				CLANG_WARN_UNREACHABLE_CODE = YES;
				CLANG_WARN__DUPLICATE_METHOD_MATCH = YES;
				COPY_PHASE_STRIP = NO;
				DEBUG_INFORMATION_FORMAT = "dwarf-with-dsym";
				ENABLE_NS_ASSERTIONS = NO;
				ENABLE_STRICT_OBJC_MSGSEND = YES;
				GCC_C_LANGUAGE_STANDARD = gnu11;
				GCC_NO_COMMON_BLOCKS = YES;
				GCC_WARN_64_TO_32_BIT_CONVERSION = YES;
				GCC_WARN_ABOUT_RETURN_TYPE = YES_ERROR;
				GCC_WARN_UNDECLARED_SELECTOR = YES;
				GCC_WARN_UNINITIALIZED_AUTOS = YES_AGGRESSIVE;
				GCC_WARN_UNUSED_FUNCTION = YES;
				GCC_WARN_UNUSED_VARIABLE = YES;
				MTL_ENABLE_DEBUG_INFO = NO;
				MTL_FAST_MATH = YES;
				SWIFT_COMPILATION_MODE = wholemodule;
				SWIFT_OPTIMIZATION_LEVEL = "-O";
			};
			name = Release;
		};
		134FEC242747E512009F68B9 /* Debug */ = {
			isa = XCBuildConfiguration;
			buildSettings = {
				ASSETCATALOG_COMPILER_APPICON_NAME = AppIcon;
				ASSETCATALOG_COMPILER_GLOBAL_ACCENT_COLOR_NAME = AccentColor;
				CODE_SIGN_STYLE = Automatic;
				CURRENT_PROJECT_VERSION = 1;
				ENABLE_PREVIEWS = YES;
				GENERATE_INFOPLIST_FILE = YES;
				INFOPLIST_KEY_UIApplicationSceneManifest_Generation = YES;
				INFOPLIST_KEY_UIApplicationSupportsIndirectInputEvents = YES;
				INFOPLIST_KEY_UILaunchScreen_Generation = YES;
				INFOPLIST_KEY_UISupportedInterfaceOrientations_iPad = "UIInterfaceOrientationPortrait UIInterfaceOrientationPortraitUpsideDown UIInterfaceOrientationLandscapeLeft UIInterfaceOrientationLandscapeRight";
				INFOPLIST_KEY_UISupportedInterfaceOrientations_iPhone = "UIInterfaceOrientationPortrait UIInterfaceOrientationLandscapeLeft UIInterfaceOrientationLandscapeRight";
				IPHONEOS_DEPLOYMENT_TARGET = 15.0;
				LD_RUNPATH_SEARCH_PATHS = (
					"$(inherited)",
					"@executable_path/Frameworks",
				);
				MARKETING_VERSION = 1.0;
				PRODUCT_BUNDLE_IDENTIFIER = Practice.learn1;
				PRODUCT_NAME = learn1;
				SDKROOT = iphoneos;
				SWIFT_EMIT_LOC_STRINGS = YES;
				SWIFT_VERSION = 5.0;
				TARGETED_DEVICE_FAMILY = "1,2";
			};
			name = Debug;
		};
		134FEC252747E512009F68B9 /* Release */ = {
			isa = XCBuildConfiguration;
			buildSettings = {
				ASSETCATALOG_COMPILER_APPICON_NAME = AppIcon;
				ASSETCATALOG_COMPILER_GLOBAL_ACCENT_COLOR_NAME = AccentColor;
				CODE_SIGN_STYLE = Automatic;
				CURRENT_PROJECT_VERSION = 1;
				ENABLE_PREVIEWS = YES;
				GENERATE_INFOPLIST_FILE = YES;
				INFOPLIST_KEY_UIApplicationSceneManifest_Generation = YES;
				INFOPLIST_KEY_UIApplicationSupportsIndirectInputEvents = YES;
				INFOPLIST_KEY_UILaunchScreen_Generation = YES;
				INFOPLIST_KEY_UISupportedInterfaceOrientations_iPad = "UIInterfaceOrientationPortrait UIInterfaceOrientationPortraitUpsideDown UIInterfaceOrientationLandscapeLeft UIInterfaceOrientationLandscapeRight";
				INFOPLIST_KEY_UISupportedInterfaceOrientations_iPhone = "UIInterfaceOrientationPortrait UIInterfaceOrientationLandscapeLeft UIInterfaceOrientationLandscapeRight";
				IPHONEOS_DEPLOYMENT_TARGET = 15.0;
				LD_RUNPATH_SEARCH_PATHS = (
					"$(inherited)",
					"@executable_path/Frameworks",
				);
				MARKETING_VERSION = 1.0;
				PRODUCT_BUNDLE_IDENTIFIER = Practice.learn1;
				PRODUCT_NAME = learn1;
				SDKROOT = iphoneos;
				SWIFT_EMIT_LOC_STRINGS = YES;
				SWIFT_VERSION = 5.0;
				TARGETED_DEVICE_FAMILY = "1,2";
				VALIDATE_PRODUCT = YES;
			};
			name = Release;
		};
		134FEC272747E512009F68B9 /* Debug */ = {
			isa = XCBuildConfiguration;
			buildSettings = {
				ASSETCATALOG_COMPILER_APPICON_NAME = AppIcon;
				ASSETCATALOG_COMPILER_GLOBAL_ACCENT_COLOR_NAME = AccentColor;
				CODE_SIGN_ENTITLEMENTS = macOS/macOS.entitlements;
				CODE_SIGN_STYLE = Automatic;
				COMBINE_HIDPI_IMAGES = YES;
				CURRENT_PROJECT_VERSION = 1;
				ENABLE_PREVIEWS = YES;
				GENERATE_INFOPLIST_FILE = YES;
				INFOPLIST_KEY_NSHumanReadableCopyright = "";
				LD_RUNPATH_SEARCH_PATHS = (
					"$(inherited)",
					"@executable_path/../Frameworks",
				);
				MACOSX_DEPLOYMENT_TARGET = 11.6;
				MARKETING_VERSION = 1.0;
				PRODUCT_BUNDLE_IDENTIFIER = Practice.learn1;
				PRODUCT_NAME = learn1;
				SDKROOT = macosx;
				SWIFT_EMIT_LOC_STRINGS = YES;
				SWIFT_VERSION = 5.0;
			};
			name = Debug;
		};
		134FEC282747E512009F68B9 /* Release */ = {
			isa = XCBuildConfiguration;
			buildSettings = {
				ASSETCATALOG_COMPILER_APPICON_NAME = AppIcon;
				ASSETCATALOG_COMPILER_GLOBAL_ACCENT_COLOR_NAME = AccentColor;
				CODE_SIGN_ENTITLEMENTS = macOS/macOS.entitlements;
				CODE_SIGN_STYLE = Automatic;
				COMBINE_HIDPI_IMAGES = YES;
				CURRENT_PROJECT_VERSION = 1;
				ENABLE_PREVIEWS = YES;
				GENERATE_INFOPLIST_FILE = YES;
				INFOPLIST_KEY_NSHumanReadableCopyright = "";
				LD_RUNPATH_SEARCH_PATHS = (
					"$(inherited)",
					"@executable_path/../Frameworks",
				);
				MACOSX_DEPLOYMENT_TARGET = 11.6;
				MARKETING_VERSION = 1.0;
				PRODUCT_BUNDLE_IDENTIFIER = Practice.learn1;
				PRODUCT_NAME = learn1;
				SDKROOT = macosx;
				SWIFT_EMIT_LOC_STRINGS = YES;
				SWIFT_VERSION = 5.0;
			};
			name = Release;
		};
		134FEC2A2747E512009F68B9 /* Debug */ = {
			isa = XCBuildConfiguration;
			buildSettings = {
				ALWAYS_EMBED_SWIFT_STANDARD_LIBRARIES = YES;
				CODE_SIGN_STYLE = Automatic;
				CURRENT_PROJECT_VERSION = 1;
				GENERATE_INFOPLIST_FILE = YES;
				IPHONEOS_DEPLOYMENT_TARGET = 15.0;
				LD_RUNPATH_SEARCH_PATHS = (
					"$(inherited)",
					"@executable_path/Frameworks",
					"@loader_path/Frameworks",
				);
				MARKETING_VERSION = 1.0;
				PRODUCT_BUNDLE_IDENTIFIER = "Practice.Tests-iOS";
				PRODUCT_NAME = "$(TARGET_NAME)";
				SDKROOT = iphoneos;
				SWIFT_EMIT_LOC_STRINGS = NO;
				SWIFT_VERSION = 5.0;
				TARGETED_DEVICE_FAMILY = "1,2";
				TEST_TARGET_NAME = "learn1 (iOS)";
			};
			name = Debug;
		};
		134FEC2B2747E512009F68B9 /* Release */ = {
			isa = XCBuildConfiguration;
			buildSettings = {
				ALWAYS_EMBED_SWIFT_STANDARD_LIBRARIES = YES;
				CODE_SIGN_STYLE = Automatic;
				CURRENT_PROJECT_VERSION = 1;
				GENERATE_INFOPLIST_FILE = YES;
				IPHONEOS_DEPLOYMENT_TARGET = 15.0;
				LD_RUNPATH_SEARCH_PATHS = (
					"$(inherited)",
					"@executable_path/Frameworks",
					"@loader_path/Frameworks",
				);
				MARKETING_VERSION = 1.0;
				PRODUCT_BUNDLE_IDENTIFIER = "Practice.Tests-iOS";
				PRODUCT_NAME = "$(TARGET_NAME)";
				SDKROOT = iphoneos;
				SWIFT_EMIT_LOC_STRINGS = NO;
				SWIFT_VERSION = 5.0;
				TARGETED_DEVICE_FAMILY = "1,2";
				TEST_TARGET_NAME = "learn1 (iOS)";
				VALIDATE_PRODUCT = YES;
			};
			name = Release;
		};
		134FEC2D2747E512009F68B9 /* Debug */ = {
			isa = XCBuildConfiguration;
			buildSettings = {
				ALWAYS_EMBED_SWIFT_STANDARD_LIBRARIES = YES;
				CODE_SIGN_STYLE = Automatic;
				COMBINE_HIDPI_IMAGES = YES;
				CURRENT_PROJECT_VERSION = 1;
				GENERATE_INFOPLIST_FILE = YES;
				LD_RUNPATH_SEARCH_PATHS = (
					"$(inherited)",
					"@executable_path/../Frameworks",
					"@loader_path/../Frameworks",
				);
				MACOSX_DEPLOYMENT_TARGET = 11.6;
				MARKETING_VERSION = 1.0;
				PRODUCT_BUNDLE_IDENTIFIER = "Practice.Tests-macOS";
				PRODUCT_NAME = "$(TARGET_NAME)";
				SDKROOT = macosx;
				SWIFT_EMIT_LOC_STRINGS = NO;
				SWIFT_VERSION = 5.0;
				TEST_TARGET_NAME = "learn1 (macOS)";
			};
			name = Debug;
		};
		134FEC2E2747E512009F68B9 /* Release */ = {
			isa = XCBuildConfiguration;
			buildSettings = {
				ALWAYS_EMBED_SWIFT_STANDARD_LIBRARIES = YES;
				CODE_SIGN_STYLE = Automatic;
				COMBINE_HIDPI_IMAGES = YES;
				CURRENT_PROJECT_VERSION = 1;
				GENERATE_INFOPLIST_FILE = YES;
				LD_RUNPATH_SEARCH_PATHS = (
					"$(inherited)",
					"@executable_path/../Frameworks",
					"@loader_path/../Frameworks",
				);
				MACOSX_DEPLOYMENT_TARGET = 11.6;
				MARKETING_VERSION = 1.0;
				PRODUCT_BUNDLE_IDENTIFIER = "Practice.Tests-macOS";
				PRODUCT_NAME = "$(TARGET_NAME)";
				SDKROOT = macosx;
				SWIFT_EMIT_LOC_STRINGS = NO;
				SWIFT_VERSION = 5.0;
				TEST_TARGET_NAME = "learn1 (macOS)";
			};
			name = Release;
		};
/* End XCBuildConfiguration section */

/* Begin XCConfigurationList section */
		134FEBF12747E511009F68B9 /* Build configuration list for PBXProject "learn1" */ = {
			isa = XCConfigurationList;
			buildConfigurations = (
				134FEC212747E512009F68B9 /* Debug */,
				134FEC222747E512009F68B9 /* Release */,
			);
			defaultConfigurationIsVisible = 0;
			defaultConfigurationName = Release;
		};
		134FEC232747E512009F68B9 /* Build configuration list for PBXNativeTarget "learn1 (iOS)" */ = {
			isa = XCConfigurationList;
			buildConfigurations = (
				134FEC242747E512009F68B9 /* Debug */,
				134FEC252747E512009F68B9 /* Release */,
			);
			defaultConfigurationIsVisible = 0;
			defaultConfigurationName = Release;
		};
		134FEC262747E512009F68B9 /* Build configuration list for PBXNativeTarget "learn1 (macOS)" */ = {
			isa = XCConfigurationList;
			buildConfigurations = (
				134FEC272747E512009F68B9 /* Debug */,
				134FEC282747E512009F68B9 /* Release */,
			);
			defaultConfigurationIsVisible = 0;
			defaultConfigurationName = Release;
		};
		134FEC292747E512009F68B9 /* Build configuration list for PBXNativeTarget "Tests iOS" */ = {
			isa = XCConfigurationList;
			buildConfigurations = (
				134FEC2A2747E512009F68B9 /* Debug */,
				134FEC2B2747E512009F68B9 /* Release */,
			);
			defaultConfigurationIsVisible = 0;
			defaultConfigurationName = Release;
		};
		134FEC2C2747E512009F68B9 /* Build configuration list for PBXNativeTarget "Tests macOS" */ = {
			isa = XCConfigurationList;
			buildConfigurations = (
				134FEC2D2747E512009F68B9 /* Debug */,
				134FEC2E2747E512009F68B9 /* Release */,
			);
			defaultConfigurationIsVisible = 0;
			defaultConfigurationName = Release;
		};
/* End XCConfigurationList section */
	};
	rootObject = 134FEBEE2747E511009F68B9 /* Project object */;
}
